
Microsoft Visual Studio Solution File, Format Version 12.00
# Visual Studio 15
VisualStudioVersion = 15.0.26730.16
MinimumVisualStudioVersion = 10.0.40219.1
Project("{FAE04EC0-301F-11D3-BF4B-00C04F79EFBC}") = "EveHQ.NG.WebApi", "EveHQ.NG.WebApi\EveHQ.NG.WebApi.csproj", "{BA4B8413-DA75-4FF0-8B65-6ED1FFD3C7B3}"
EndProject
Global
	GlobalSection(SolutionConfigurationPlatforms) = preSolution
		Debug|Any CPU = Debug|Any CPU
		Release|Any CPU = Release|Any CPU
	EndGlobalSection
	GlobalSection(ProjectConfigurationPlatforms) = postSolution
		{BA4B8413-DA75-4FF0-8B65-6ED1FFD3C7B3}.Debug|Any CPU.ActiveCfg = Debug|Any CPU
		{BA4B8413-DA75-4FF0-8B65-6ED1FFD3C7B3}.Debug|Any CPU.Build.0 = Debug|Any CPU
		{BA4B8413-DA75-4FF0-8B65-6ED1FFD3C7B3}.Release|Any CPU.ActiveCfg = Release|Any CPU
		{BA4B8413-DA75-4FF0-8B65-6ED1FFD3C7B3}.Release|Any CPU.Build.0 = Release|Any CPU
	EndGlobalSection
	GlobalSection(SolutionProperties) = preSolution
		HideSolutionNode = FALSE
	EndGlobalSection
	GlobalSection(ExtensibilityGlobals) = postSolution
		SolutionGuid = {7E879DD0-F71E-4407-9DEE-5FDE9D89E63C}
	EndGlobalSection
EndGlobal
